
Microsoft Visual Studio Solution File, Format Version 12.00
# Visual Studio Version 16
VisualStudioVersion = 16.0.30011.22
MinimumVisualStudioVersion = 10.0.40219.1
Project("{FAE04EC0-301F-11D3-BF4B-00C04F79EFBC}") = "LabelResTesting.Android", "LabelResTesting\LabelResTesting.Android\LabelResTesting.Android.csproj", "{8538B5DB-E0A8-4198-9AD3-9B88B14EC8B2}"
EndProject
Project("{FAE04EC0-301F-11D3-BF4B-00C04F79EFBC}") = "LabelResTesting", "LabelResTesting\LabelResTesting\LabelResTesting.csproj", "{D090EBB9-40BE-47FE-A7FF-7B43A5442187}"
EndProject
Global
	GlobalSection(SolutionConfigurationPlatforms) = preSolution
		Debug|Any CPU = Debug|Any CPU
		Release|Any CPU = Release|Any CPU
	EndGlobalSection
	GlobalSection(ProjectConfigurationPlatforms) = postSolution
		{8538B5DB-E0A8-4198-9AD3-9B88B14EC8B2}.Debug|Any CPU.ActiveCfg = Debug|Any CPU
		{8538B5DB-E0A8-4198-9AD3-9B88B14EC8B2}.Debug|Any CPU.Build.0 = Debug|Any CPU
		{8538B5DB-E0A8-4198-9AD3-9B88B14EC8B2}.Debug|Any CPU.Deploy.0 = Debug|Any CPU
		{8538B5DB-E0A8-4198-9AD3-9B88B14EC8B2}.Release|Any CPU.ActiveCfg = Release|Any CPU
		{8538B5DB-E0A8-4198-9AD3-9B88B14EC8B2}.Release|Any CPU.Build.0 = Release|Any CPU
		{8538B5DB-E0A8-4198-9AD3-9B88B14EC8B2}.Release|Any CPU.Deploy.0 = Release|Any CPU
		{D090EBB9-40BE-47FE-A7FF-7B43A5442187}.Debug|Any CPU.ActiveCfg = Debug|Any CPU
		{D090EBB9-40BE-47FE-A7FF-7B43A5442187}.Debug|Any CPU.Build.0 = Debug|Any CPU
		{D090EBB9-40BE-47FE-A7FF-7B43A5442187}.Debug|Any CPU.Deploy.0 = Debug|Any CPU
		{D090EBB9-40BE-47FE-A7FF-7B43A5442187}.Release|Any CPU.ActiveCfg = Release|Any CPU
		{D090EBB9-40BE-47FE-A7FF-7B43A5442187}.Release|Any CPU.Build.0 = Release|Any CPU
		{D090EBB9-40BE-47FE-A7FF-7B43A5442187}.Release|Any CPU.Deploy.0 = Release|Any CPU
	EndGlobalSection
	GlobalSection(SolutionProperties) = preSolution
		HideSolutionNode = FALSE
	EndGlobalSection
	GlobalSection(ExtensibilityGlobals) = postSolution
		SolutionGuid = {B8D02447-B044-49D7-A6E7-2D4A6329221E}
	EndGlobalSection
EndGlobal
